
Microsoft Visual Studio Solution File, Format Version 12.00
# Visual Studio 15
VisualStudioVersion = 15.0.27130.2020
MinimumVisualStudioVersion = 10.0.40219.1
Project("{FAE04EC0-301F-11D3-BF4B-00C04F79EFBC}") = "Premia", "Premia\Premia.csproj", "{3781061B-D69E-413C-9DB9-82E34C2E079A}"
EndProject
Global
	GlobalSection(SolutionConfigurationPlatforms) = preSolution
		Debug|Any CPU = Debug|Any CPU
		Debug|Default = Debug|Default
		Release|Any CPU = Release|Any CPU
		Release|Default = Release|Default
	EndGlobalSection
	GlobalSection(ProjectConfigurationPlatforms) = postSolution
		{3781061B-D69E-413C-9DB9-82E34C2E079A}.Debug|Any CPU.ActiveCfg = Debug|Any CPU
		{3781061B-D69E-413C-9DB9-82E34C2E079A}.Debug|Any CPU.Build.0 = Debug|Any CPU
		{3781061B-D69E-413C-9DB9-82E34C2E079A}.Debug|Default.ActiveCfg = Debug|Any CPU
		{3781061B-D69E-413C-9DB9-82E34C2E079A}.Debug|Default.Build.0 = Debug|Any CPU
		{3781061B-D69E-413C-9DB9-82E34C2E079A}.Release|Any CPU.ActiveCfg = Release|Any CPU
		{3781061B-D69E-413C-9DB9-82E34C2E079A}.Release|Any CPU.Build.0 = Release|Any CPU
		{3781061B-D69E-413C-9DB9-82E34C2E079A}.Release|Default.ActiveCfg = Release|Any CPU
		{3781061B-D69E-413C-9DB9-82E34C2E079A}.Release|Default.Build.0 = Release|Any CPU
	EndGlobalSection
	GlobalSection(SolutionProperties) = preSolution
		HideSolutionNode = FALSE
	EndGlobalSection
	GlobalSection(ExtensibilityGlobals) = postSolution
		SolutionGuid = {D5F07897-89DE-47A1-BCC5-DAD3F3F4E31A}
	EndGlobalSection
	GlobalSection(SolutionConfigurationPlatforms) = preSolution
		Debug|Default = Debug|Default
		Release|Default = Release|Default
	EndGlobalSection
EndGlobal
